{
  "name": "battery-charging-speaker",
  "version": "0.0.2",
  "lockfileVersion": 3,
  "requires": true,
  "packages": {
    "": {
      "name": "battery-charging-speaker",
      "version": "0.0.2",
      "license": "ISC",
      "devDependencies": {
        "@sm003/autojs6-dts": "^2.0.0"
      }
    },
    "node_modules/@sm003/autojs6-dts": {
      "version": "2.1.3",
      "resolved": "https://registry.npmmirror.com/@sm003/autojs6-dts/-/autojs6-dts-2.1.3.tgz",
      "integrity": "sha512-0k5z1il4at5C4uIDOAjFZmg6yTk8qsooahniDlc1flKOLl2AN6xTJELyddb+yv4HRrTXRpCruhSz4pY40aLTjQ==",
      "dev": true,
      "dependencies": {
        "@sm003/autojs6-dts": "2.1.3"
      }
    }
  }
}
